
Microsoft Visual Studio Solution File, Format Version 12.00
# Visual Studio Version 17
VisualStudioVersion = 17.0.32014.148
MinimumVisualStudioVersion = 10.0.40219.1
Project("{9A19103F-16F7-4668-BE54-9A1E7A4F7556}") = "Console.Crawler", "Console.Crawler\Console.Crawler.csproj", "{308A8B40-6FB5-4ED6-9F3F-BC2D661C92E0}"
EndProject
Global
	GlobalSection(SolutionConfigurationPlatforms) = preSolution
		Debug|Any CPU = Debug|Any CPU
		Release|Any CPU = Release|Any CPU
	EndGlobalSection
	GlobalSection(ProjectConfigurationPlatforms) = postSolution
		{308A8B40-6FB5-4ED6-9F3F-BC2D661C92E0}.Debug|Any CPU.ActiveCfg = Debug|Any CPU
		{308A8B40-6FB5-4ED6-9F3F-BC2D661C92E0}.Debug|Any CPU.Build.0 = Debug|Any CPU
		{308A8B40-6FB5-4ED6-9F3F-BC2D661C92E0}.Release|Any CPU.ActiveCfg = Release|Any CPU
		{308A8B40-6FB5-4ED6-9F3F-BC2D661C92E0}.Release|Any CPU.Build.0 = Release|Any CPU
	EndGlobalSection
	GlobalSection(SolutionProperties) = preSolution
		HideSolutionNode = FALSE
	EndGlobalSection
	GlobalSection(ExtensibilityGlobals) = postSolution
		SolutionGuid = {B324DDA8-7C56-4941-8A6C-4FCA4E3762C5}
	EndGlobalSection
EndGlobal
